// !$*UTF8*$!
{
	archiveVersion = 1;
	classes = {
	};
	objectVersion = 56;
	objects = {

/* Begin PBXBuildFile section */
		AD12EEC72F5AEC2200C0B791 /* ContentView.swift in Sources */ = {isa = PBXBuildFile; fileRef = AD12EEC62F5AEC2200C0B791 /* ContentView.swift */; };
		AD12EEC92F5AEC2400C0B791 /* Assets.xcassets in Resources */ = {isa = PBXBuildFile; fileRef = AD12EEC82F5AEC2400C0B791 /* Assets.xcassets */; };
		AD12EECC2F5AEC2400C0B791 /* Preview Assets.xcassets in Resources */ = {isa = PBXBuildFile; fileRef = AD12EECB2F5AEC2400C0B791 /* Preview Assets.xcassets */; };
		AD12EED72F5AEC2500C0B791 /* Swift-Zip-ManagerTests.swift in Sources */ = {isa = PBXBuildFile; fileRef = AD12EED62F5AEC2500C0B791 /* Swift-Zip-ManagerTests.swift */; };
		AD12EEE12F5AEC2500C0B791 /* Swift-Zip-ManagerUITests.swift in Sources */ = {isa = PBXBuildFile; fileRef = AD12EEE02F5AEC2500C0B791 /* Swift-Zip-ManagerUITests.swift */; };
		AD12EEE32F5AEC2500C0B791 /* Swift-Zip-ManagerUITestsLaunchTests.swift in Sources */ = {isa = PBXBuildFile; fileRef = AD12EEE22F5AEC2500C0B791 /* Swift-Zip-ManagerUITestsLaunchTests.swift */; };
		AD52ECA42F5D7125000C83A4 /* Swift-Zip-ManagerApp.swift in Sources */ = {isa = PBXBuildFile; fileRef = AD52ECA32F5D7125000C83A4 /* Swift-Zip-ManagerApp.swift */; };
/* End PBXBuildFile section */

/* Begin PBXContainerItemProxy section */
		AD12EED32F5AEC2500C0B791 /* PBXContainerItemProxy */ = {
			isa = PBXContainerItemProxy;
			containerPortal = AD12EEB92F5AEC2200C0B791 /* Project object */;
			proxyType = 1;
			remoteGlobalIDString = AD12EEC02F5AEC2200C0B791;
			remoteInfo = "Swift Zip Manager";
		};
		AD12EEDD2F5AEC2500C0B791 /* PBXContainerItemProxy */ = {
			isa = PBXContainerItemProxy;
			containerPortal = AD12EEB92F5AEC2200C0B791 /* Project object */;
			proxyType = 1;
			remoteGlobalIDString = AD12EEC02F5AEC2200C0B791;
			remoteInfo = "Swift Zip Manager";
		};
/* End PBXContainerItemProxy section */

/* Begin PBXFileReference section */
		AD12EEC12F5AEC2200C0B791 /* Swift Zip Manager.app */ = {isa = PBXFileReference; explicitFileType = wrapper.application; includeInIndex = 0; path = "Swift Zip Manager.app"; sourceTree = BUILT_PRODUCTS_DIR; };
		AD12EEC62F5AEC2200C0B791 /* ContentView.swift */ = {isa = PBXFileReference; lastKnownFileType = sourcecode.swift; path = ContentView.swift; sourceTree = "<group>"; };
		AD12EEC82F5AEC2400C0B791 /* Assets.xcassets */ = {isa = PBXFileReference; lastKnownFileType = folder.assetcatalog; path = Assets.xcassets; sourceTree = "<group>"; };
		AD12EECB2F5AEC2400C0B791 /* Preview Assets.xcassets */ = {isa = PBXFileReference; lastKnownFileType = folder.assetcatalog; path = "Preview Assets.xcassets"; sourceTree = "<group>"; };
		AD12EECD2F5AEC2400C0B791 /* Swift_Zip_Manager.entitlements */ = {isa = PBXFileReference; lastKnownFileType = text.plist.entitlements; path = Swift_Zip_Manager.entitlements; sourceTree = "<group>"; };
		AD12EED22F5AEC2500C0B791 /* Swift Zip ManagerTests.xctest */ = {isa = PBXFileReference; explicitFileType = wrapper.cfbundle; includeInIndex = 0; path = "Swift Zip ManagerTests.xctest"; sourceTree = BUILT_PRODUCTS_DIR; };
		AD12EED62F5AEC2500C0B791 /* Swift-Zip-ManagerTests.swift */ = {isa = PBXFileReference; lastKnownFileType = sourcecode.swift; path = "Swift-Zip-ManagerTests.swift"; sourceTree = "<group>"; };
		AD12EEDC2F5AEC2500C0B791 /* Swift Zip ManagerUITests.xctest */ = {isa = PBXFileReference; explicitFileType = wrapper.cfbundle; includeInIndex = 0; path = "Swift Zip ManagerUITests.xctest"; sourceTree = BUILT_PRODUCTS_DIR; };
		AD12EEE02F5AEC2500C0B791 /* Swift-Zip-ManagerUITests.swift */ = {isa = PBXFileReference; lastKnownFileType = sourcecode.swift; path = "Swift-Zip-ManagerUITests.swift"; sourceTree = "<group>"; };
		AD12EEE22F5AEC2500C0B791 /* Swift-Zip-ManagerUITestsLaunchTests.swift */ = {isa = PBXFileReference; lastKnownFileType = sourcecode.swift; path = "Swift-Zip-ManagerUITestsLaunchTests.swift"; sourceTree = "<group>"; };
		AD12EEF22F5B0E8300C0B791 /* Swift-Zip-Manager-Info.plist */ = {isa = PBXFileReference; lastKnownFileType = text.plist; path = "Swift-Zip-Manager-Info.plist"; sourceTree = SOURCE_ROOT; };
		AD52ECA32F5D7125000C83A4 /* Swift-Zip-ManagerApp.swift */ = {isa = PBXFileReference; lastKnownFileType = sourcecode.swift; path = "Swift-Zip-ManagerApp.swift"; sourceTree = "<group>"; };
/* End PBXFileReference section */

/* Begin PBXFrameworksBuildPhase section */
		AD12EEBE2F5AEC2200C0B791 /* Frameworks */ = {
			isa = PBXFrameworksBuildPhase;
			buildActionMask = 2147483647;
			files = (
			);
			runOnlyForDeploymentPostprocessing = 0;
		};
		AD12EECF2F5AEC2500C0B791 /* Frameworks */ = {
			isa = PBXFrameworksBuildPhase;
			buildActionMask = 2147483647;
			files = (
			);
			runOnlyForDeploymentPostprocessing = 0;
		};
		AD12EED92F5AEC2500C0B791 /* Frameworks */ = {
			isa = PBXFrameworksBuildPhase;
			buildActionMask = 2147483647;
			files = (
			);
			runOnlyForDeploymentPostprocessing = 0;
		};
/* End PBXFrameworksBuildPhase section */

/* Begin PBXGroup section */
		AD12EEB82F5AEC2200C0B791 = {
			isa = PBXGroup;
			children = (
				AD12EEC32F5AEC2200C0B791 /* Swift Zip Manager */,
				AD12EED52F5AEC2500C0B791 /* Swift Zip ManagerTests */,
				AD12EEDF2F5AEC2500C0B791 /* Swift Zip ManagerUITests */,
				AD12EEC22F5AEC2200C0B791 /* Products */,
			);
			sourceTree = "<group>";
		};
		AD12EEC22F5AEC2200C0B791 /* Products */ = {
			isa = PBXGroup;
			children = (
				AD12EEC12F5AEC2200C0B791 /* Swift Zip Manager.app */,
				AD12EED22F5AEC2500C0B791 /* Swift Zip ManagerTests.xctest */,
				AD12EEDC2F5AEC2500C0B791 /* Swift Zip ManagerUITests.xctest */,
			);
			name = Products;
			sourceTree = "<group>";
		};
		AD12EEC32F5AEC2200C0B791 /* Swift Zip Manager */ = {
			isa = PBXGroup;
			children = (
				AD12EEF22F5B0E8300C0B791 /* Swift-Zip-Manager-Info.plist */,
				AD12EEC62F5AEC2200C0B791 /* ContentView.swift */,
				AD52ECA32F5D7125000C83A4 /* Swift-Zip-ManagerApp.swift */,
				AD12EEC82F5AEC2400C0B791 /* Assets.xcassets */,
				AD12EECD2F5AEC2400C0B791 /* Swift_Zip_Manager.entitlements */,
				AD12EECA2F5AEC2400C0B791 /* Preview Content */,
			);
			path = "Swift Zip Manager";
			sourceTree = "<group>";
		};
		AD12EECA2F5AEC2400C0B791 /* Preview Content */ = {
			isa = PBXGroup;
			children = (
				AD12EECB2F5AEC2400C0B791 /* Preview Assets.xcassets */,
			);
			path = "Preview Content";
			sourceTree = "<group>";
		};
		AD12EED52F5AEC2500C0B791 /* Swift Zip ManagerTests */ = {
			isa = PBXGroup;
			children = (
				AD12EED62F5AEC2500C0B791 /* Swift-Zip-ManagerTests.swift */,
			);
			path = "Swift Zip ManagerTests";
			sourceTree = "<group>";
		};
		AD12EEDF2F5AEC2500C0B791 /* Swift Zip ManagerUITests */ = {
			isa = PBXGroup;
			children = (
				AD12EEE02F5AEC2500C0B791 /* Swift-Zip-ManagerUITests.swift */,
				AD12EEE22F5AEC2500C0B791 /* Swift-Zip-ManagerUITestsLaunchTests.swift */,
			);
			path = "Swift Zip ManagerUITests";
			sourceTree = "<group>";
		};
/* End PBXGroup section */

/* Begin PBXNativeTarget section */
		AD12EEC02F5AEC2200C0B791 /* Swift Zip Manager */ = {
			isa = PBXNativeTarget;
			buildConfigurationList = AD12EEE62F5AEC2500C0B791 /* Build configuration list for PBXNativeTarget "Swift Zip Manager" */;
			buildPhases = (
				AD12EEBD2F5AEC2200C0B791 /* Sources */,
				AD12EEBE2F5AEC2200C0B791 /* Frameworks */,
				AD12EEBF2F5AEC2200C0B791 /* Resources */,
			);
			buildRules = (
			);
			dependencies = (
			);
			name = "Swift Zip Manager";
			packageProductDependencies = (
			);
			productName = "Swift Zip Manager";
			productReference = AD12EEC12F5AEC2200C0B791 /* Swift Zip Manager.app */;
			productType = "com.apple.product-type.application";
		};
		AD12EED12F5AEC2500C0B791 /* Swift Zip ManagerTests */ = {
			isa = PBXNativeTarget;
			buildConfigurationList = AD12EEE92F5AEC2500C0B791 /* Build configuration list for PBXNativeTarget "Swift Zip ManagerTests" */;
			buildPhases = (
				AD12EECE2F5AEC2500C0B791 /* Sources */,
				AD12EECF2F5AEC2500C0B791 /* Frameworks */,
				AD12EED02F5AEC2500C0B791 /* Resources */,
			);
			buildRules = (
			);
			dependencies = (
				AD12EED42F5AEC2500C0B791 /* PBXTargetDependency */,
			);
			name = "Swift Zip ManagerTests";
			productName = "Swift Zip ManagerTests";
			productReference = AD12EED22F5AEC2500C0B791 /* Swift Zip ManagerTests.xctest */;
			productType = "com.apple.product-type.bundle.unit-test";
		};
		AD12EEDB2F5AEC2500C0B791 /* Swift Zip ManagerUITests */ = {
			isa = PBXNativeTarget;
			buildConfigurationList = AD12EEEC2F5AEC2500C0B791 /* Build configuration list for PBXNativeTarget "Swift Zip ManagerUITests" */;
			buildPhases = (
				AD12EED82F5AEC2500C0B791 /* Sources */,
				AD12EED92F5AEC2500C0B791 /* Frameworks */,
				AD12EEDA2F5AEC2500C0B791 /* Resources */,
			);
			buildRules = (
			);
			dependencies = (
				AD12EEDE2F5AEC2500C0B791 /* PBXTargetDependency */,
			);
			name = "Swift Zip ManagerUITests";
			productName = "Swift Zip ManagerUITests";
			productReference = AD12EEDC2F5AEC2500C0B791 /* Swift Zip ManagerUITests.xctest */;
			productType = "com.apple.product-type.bundle.ui-testing";
		};
/* End PBXNativeTarget section */

/* Begin PBXProject section */
		AD12EEB92F5AEC2200C0B791 /* Project object */ = {
			isa = PBXProject;
			attributes = {
				BuildIndependentTargetsInParallel = 1;
				LastSwiftUpdateCheck = 1400;
				LastUpgradeCheck = 1420;
				TargetAttributes = {
					AD12EEC02F5AEC2200C0B791 = {
						CreatedOnToolsVersion = 14.0.1;
					};
					AD12EED12F5AEC2500C0B791 = {
						CreatedOnToolsVersion = 14.0.1;
						TestTargetID = AD12EEC02F5AEC2200C0B791;
					};
					AD12EEDB2F5AEC2500C0B791 = {
						CreatedOnToolsVersion = 14.0.1;
						TestTargetID = AD12EEC02F5AEC2200C0B791;
					};
				};
			};
			buildConfigurationList = AD12EEBC2F5AEC2200C0B791 /* Build configuration list for PBXProject "Swift Zip Manager" */;
			compatibilityVersion = "Xcode 14.0";
			developmentRegion = en;
			hasScannedForEncodings = 0;
			knownRegions = (
				en,
				Base,
				"zh-Hans",
				"zh-Hant",
				fr,
				es,
				de,
				ja,
				ko,
				ru,
				it,
				"pt-BR",
				nl,
				sv,
				da,
			);
			mainGroup = AD12EEB82F5AEC2200C0B791;
			packageReferences = (
			);
			productRefGroup = AD12EEC22F5AEC2200C0B791 /* Products */;
			projectDirPath = "";
			projectRoot = "";
			targets = (
				AD12EEC02F5AEC2200C0B791 /* Swift Zip Manager */,
				AD12EED12F5AEC2500C0B791 /* Swift Zip ManagerTests */,
				AD12EEDB2F5AEC2500C0B791 /* Swift Zip ManagerUITests */,
			);
		};
/* End PBXProject section */

/* Begin PBXResourcesBuildPhase section */
		AD12EEBF2F5AEC2200C0B791 /* Resources */ = {
			isa = PBXResourcesBuildPhase;
			buildActionMask = 2147483647;
			files = (
				AD12EECC2F5AEC2400C0B791 /* Preview Assets.xcassets in Resources */,
				AD12EEC92F5AEC2400C0B791 /* Assets.xcassets in Resources */,
			);
			runOnlyForDeploymentPostprocessing = 0;
		};
		AD12EED02F5AEC2500C0B791 /* Resources */ = {
			isa = PBXResourcesBuildPhase;
			buildActionMask = 2147483647;
			files = (
			);
			runOnlyForDeploymentPostprocessing = 0;
		};
		AD12EEDA2F5AEC2500C0B791 /* Resources */ = {
			isa = PBXResourcesBuildPhase;
			buildActionMask = 2147483647;
			files = (
			);
			runOnlyForDeploymentPostprocessing = 0;
		};
/* End PBXResourcesBuildPhase section */

/* Begin PBXSourcesBuildPhase section */
		AD12EEBD2F5AEC2200C0B791 /* Sources */ = {
			isa = PBXSourcesBuildPhase;
			buildActionMask = 2147483647;
			files = (
				AD12EEC72F5AEC2200C0B791 /* ContentView.swift in Sources */,
				AD52ECA42F5D7125000C83A4 /* Swift-Zip-ManagerApp.swift in Sources */,
			);
			runOnlyForDeploymentPostprocessing = 0;
		};
		AD12EECE2F5AEC2500C0B791 /* Sources */ = {
			isa = PBXSourcesBuildPhase;
			buildActionMask = 2147483647;
			files = (
				AD12EED72F5AEC2500C0B791 /* Swift-Zip-ManagerTests.swift in Sources */,
			);
			runOnlyForDeploymentPostprocessing = 0;
		};
		AD12EED82F5AEC2500C0B791 /* Sources */ = {
			isa = PBXSourcesBuildPhase;
			buildActionMask = 2147483647;
			files = (
				AD12EEE32F5AEC2500C0B791 /* Swift-Zip-ManagerUITestsLaunchTests.swift in Sources */,
				AD12EEE12F5AEC2500C0B791 /* Swift-Zip-ManagerUITests.swift in Sources */,
			);
			runOnlyForDeploymentPostprocessing = 0;
		};
/* End PBXSourcesBuildPhase section */

/* Begin PBXTargetDependency section */
		AD12EED42F5AEC2500C0B791 /* PBXTargetDependency */ = {
			isa = PBXTargetDependency;
			target = AD12EEC02F5AEC2200C0B791 /* Swift Zip Manager */;
			targetProxy = AD12EED32F5AEC2500C0B791 /* PBXContainerItemProxy */;
		};
		AD12EEDE2F5AEC2500C0B791 /* PBXTargetDependency */ = {
			isa = PBXTargetDependency;
			target = AD12EEC02F5AEC2200C0B791 /* Swift Zip Manager */;
			targetProxy = AD12EEDD2F5AEC2500C0B791 /* PBXContainerItemProxy */;
		};
/* End PBXTargetDependency section */

/* Begin XCBuildConfiguration section */
		AD12EEE42F5AEC2500C0B791 /* Debug */ = {
			isa = XCBuildConfiguration;
			buildSettings = {
				ALWAYS_SEARCH_USER_PATHS = NO;
				CLANG_ANALYZER_LOCALIZABILITY_NONLOCALIZED = YES;
				CLANG_ANALYZER_NONNULL = YES;
				CLANG_ANALYZER_NUMBER_OBJECT_CONVERSION = YES_AGGRESSIVE;
				CLANG_CXX_LANGUAGE_STANDARD = "gnu++20";
				CLANG_ENABLE_MODULES = YES;
				CLANG_ENABLE_OBJC_ARC = YES;
				CLANG_ENABLE_OBJC_WEAK = YES;
				CLANG_WARN_BLOCK_CAPTURE_AUTORELEASING = YES;
				CLANG_WARN_BOOL_CONVERSION = YES;
				CLANG_WARN_COMMA = YES;
				CLANG_WARN_CONSTANT_CONVERSION = YES;
				CLANG_WARN_DEPRECATED_OBJC_IMPLEMENTATIONS = YES;
				CLANG_WARN_DIRECT_OBJC_ISA_USAGE = YES_ERROR;
				CLANG_WARN_DOCUMENTATION_COMMENTS = YES;
				CLANG_WARN_EMPTY_BODY = YES;
				CLANG_WARN_ENUM_CONVERSION = YES;
				CLANG_WARN_INFINITE_RECURSION = YES;
				CLANG_WARN_INT_CONVERSION = YES;
				CLANG_WARN_NON_LITERAL_NULL_CONVERSION = YES;
				CLANG_WARN_OBJC_IMPLICIT_RETAIN_SELF = YES;
				CLANG_WARN_OBJC_LITERAL_CONVERSION = YES;
				CLANG_WARN_OBJC_ROOT_CLASS = YES_ERROR;
				CLANG_WARN_QUOTED_INCLUDE_IN_FRAMEWORK_HEADER = YES;
				CLANG_WARN_RANGE_LOOP_ANALYSIS = YES;
				CLANG_WARN_STRICT_PROTOTYPES = YES;
				CLANG_WARN_SUSPICIOUS_MOVE = YES;
				CLANG_WARN_UNGUARDED_AVAILABILITY = YES_AGGRESSIVE;
				CLANG_WARN_UNREACHABLE_CODE = YES;
				CLANG_WARN__DUPLICATE_METHOD_MATCH = YES;
				COPY_PHASE_STRIP = NO;
				DEAD_CODE_STRIPPING = YES;
				DEBUG_INFORMATION_FORMAT = dwarf;
				ENABLE_STRICT_OBJC_MSGSEND = YES;
				ENABLE_TESTABILITY = YES;
				GCC_C_LANGUAGE_STANDARD = gnu11;
				GCC_DYNAMIC_NO_PIC = NO;
				GCC_NO_COMMON_BLOCKS = YES;
				GCC_OPTIMIZATION_LEVEL = 0;
				GCC_PREPROCESSOR_DEFINITIONS = (
					"DEBUG=1",
					"$(inherited)",
				);
				GCC_WARN_64_TO_32_BIT_CONVERSION = YES;
				GCC_WARN_ABOUT_RETURN_TYPE = YES_ERROR;
				GCC_WARN_UNDECLARED_SELECTOR = YES;
				GCC_WARN_UNINITIALIZED_AUTOS = YES_AGGRESSIVE;
				GCC_WARN_UNUSED_FUNCTION = YES;
				GCC_WARN_UNUSED_VARIABLE = YES;
				MACOSX_DEPLOYMENT_TARGET = 12.3;
				MTL_ENABLE_DEBUG_INFO = INCLUDE_SOURCE;
				MTL_FAST_MATH = YES;
				ONLY_ACTIVE_ARCH = YES;
				SDKROOT = macosx;
				SWIFT_ACTIVE_COMPILATION_CONDITIONS = DEBUG;
				SWIFT_OPTIMIZATION_LEVEL = "-Onone";
			};
			name = Debug;
		};
		AD12EEE52F5AEC2500C0B791 /* Release */ = {
			isa = XCBuildConfiguration;
			buildSettings = {
				ALWAYS_SEARCH_USER_PATHS = NO;
				CLANG_ANALYZER_LOCALIZABILITY_NONLOCALIZED = YES;
				CLANG_ANALYZER_NONNULL = YES;
				CLANG_ANALYZER_NUMBER_OBJECT_CONVERSION = YES_AGGRESSIVE;
				CLANG_CXX_LANGUAGE_STANDARD = "gnu++20";
				CLANG_ENABLE_MODULES = YES;
				CLANG_ENABLE_OBJC_ARC = YES;
				CLANG_ENABLE_OBJC_WEAK = YES;
				CLANG_WARN_BLOCK_CAPTURE_AUTORELEASING = YES;
				CLANG_WARN_BOOL_CONVERSION = YES;
				CLANG_WARN_COMMA = YES;
				CLANG_WARN_CONSTANT_CONVERSION = YES;
				CLANG_WARN_DEPRECATED_OBJC_IMPLEMENTATIONS = YES;
				CLANG_WARN_DIRECT_OBJC_ISA_USAGE = YES_ERROR;
				CLANG_WARN_DOCUMENTATION_COMMENTS = YES;
				CLANG_WARN_EMPTY_BODY = YES;
				CLANG_WARN_ENUM_CONVERSION = YES;
				CLANG_WARN_INFINITE_RECURSION = YES;
				CLANG_WARN_INT_CONVERSION = YES;
				CLANG_WARN_NON_LITERAL_NULL_CONVERSION = YES;
				CLANG_WARN_OBJC_IMPLICIT_RETAIN_SELF = YES;
				CLANG_WARN_OBJC_LITERAL_CONVERSION = YES;
				CLANG_WARN_OBJC_ROOT_CLASS = YES_ERROR;
				CLANG_WARN_QUOTED_INCLUDE_IN_FRAMEWORK_HEADER = YES;
				CLANG_WARN_RANGE_LOOP_ANALYSIS = YES;
				CLANG_WARN_STRICT_PROTOTYPES = YES;
				CLANG_WARN_SUSPICIOUS_MOVE = YES;
				CLANG_WARN_UNGUARDED_AVAILABILITY = YES_AGGRESSIVE;
				CLANG_WARN_UNREACHABLE_CODE = YES;
				CLANG_WARN__DUPLICATE_METHOD_MATCH = YES;
				COPY_PHASE_STRIP = NO;
				DEAD_CODE_STRIPPING = YES;
				DEBUG_INFORMATION_FORMAT = "dwarf-with-dsym";
				ENABLE_NS_ASSERTIONS = NO;
				ENABLE_STRICT_OBJC_MSGSEND = YES;
				GCC_C_LANGUAGE_STANDARD = gnu11;
				GCC_NO_COMMON_BLOCKS = YES;
				GCC_WARN_64_TO_32_BIT_CONVERSION = YES;
				GCC_WARN_ABOUT_RETURN_TYPE = YES_ERROR;
				GCC_WARN_UNDECLARED_SELECTOR = YES;
				GCC_WARN_UNINITIALIZED_AUTOS = YES_AGGRESSIVE;
				GCC_WARN_UNUSED_FUNCTION = YES;
				GCC_WARN_UNUSED_VARIABLE = YES;
				MACOSX_DEPLOYMENT_TARGET = 12.3;
				MTL_ENABLE_DEBUG_INFO = NO;
				MTL_FAST_MATH = YES;
				SDKROOT = macosx;
				SWIFT_COMPILATION_MODE = wholemodule;
				SWIFT_OPTIMIZATION_LEVEL = "-O";
			};
			name = Release;
		};
		AD12EEE72F5AEC2500C0B791 /* Debug */ = {
			isa = XCBuildConfiguration;
			buildSettings = {
				ASSETCATALOG_COMPILER_APPICON_NAME = AppIcon;
				ASSETCATALOG_COMPILER_GLOBAL_ACCENT_COLOR_NAME = AccentColor;
				CODE_SIGN_ENTITLEMENTS = "Swift Zip Manager/Swift_Zip_Manager.entitlements";
				CODE_SIGN_IDENTITY = "-";
				CODE_SIGN_STYLE = Automatic;
				COMBINE_HIDPI_IMAGES = YES;
				CURRENT_PROJECT_VERSION = 1;
				DEAD_CODE_STRIPPING = YES;
				DEVELOPMENT_ASSET_PATHS = "\"Swift Zip Manager/Preview Content\"";
				DEVELOPMENT_TEAM = MVKBMZMN48;
				ENABLE_HARDENED_RUNTIME = YES;
				ENABLE_PREVIEWS = YES;
				GENERATE_INFOPLIST_FILE = YES;
				INFOPLIST_FILE = "Swift-Zip-Manager-Info.plist";
				INFOPLIST_KEY_LSApplicationCategoryType = "public.app-category.utilities";
				INFOPLIST_KEY_NSHumanReadableCopyright = "";
				LD_RUNPATH_SEARCH_PATHS = (
					"$(inherited)",
					"@executable_path/../Frameworks",
				);
				MACOSX_DEPLOYMENT_TARGET = 12.3;
				MARKETING_VERSION = 0.1.2;
				PRODUCT_BUNDLE_IDENTIFIER = "com.haoran.Swift-Zip-Manager";
				PRODUCT_NAME = "$(TARGET_NAME)";
				SWIFT_EMIT_LOC_STRINGS = YES;
				SWIFT_VERSION = 5.0;
			};
			name = Debug;
		};
		AD12EEE82F5AEC2500C0B791 /* Release */ = {
			isa = XCBuildConfiguration;
			buildSettings = {
				ASSETCATALOG_COMPILER_APPICON_NAME = AppIcon;
				ASSETCATALOG_COMPILER_GLOBAL_ACCENT_COLOR_NAME = AccentColor;
				CODE_SIGN_ENTITLEMENTS = "Swift Zip Manager/Swift_Zip_Manager.entitlements";
				CODE_SIGN_IDENTITY = "-";
				CODE_SIGN_STYLE = Automatic;
				COMBINE_HIDPI_IMAGES = YES;
				CURRENT_PROJECT_VERSION = 1;
				DEAD_CODE_STRIPPING = YES;
				DEVELOPMENT_ASSET_PATHS = "\"Swift Zip Manager/Preview Content\"";
				DEVELOPMENT_TEAM = MVKBMZMN48;
				ENABLE_HARDENED_RUNTIME = YES;
				ENABLE_PREVIEWS = YES;
				GENERATE_INFOPLIST_FILE = YES;
				INFOPLIST_FILE = "Swift-Zip-Manager-Info.plist";
				INFOPLIST_KEY_LSApplicationCategoryType = "public.app-category.utilities";
				INFOPLIST_KEY_NSHumanReadableCopyright = "";
				LD_RUNPATH_SEARCH_PATHS = (
					"$(inherited)",
					"@executable_path/../Frameworks",
				);
				MACOSX_DEPLOYMENT_TARGET = 12.3;
				MARKETING_VERSION = 0.1.2;
				PRODUCT_BUNDLE_IDENTIFIER = "com.haoran.Swift-Zip-Manager";
				PRODUCT_NAME = "$(TARGET_NAME)";
				SWIFT_EMIT_LOC_STRINGS = YES;
				SWIFT_VERSION = 5.0;
			};
			name = Release;
		};
		AD12EEEA2F5AEC2500C0B791 /* Debug */ = {
			isa = XCBuildConfiguration;
			buildSettings = {
				ALWAYS_EMBED_SWIFT_STANDARD_LIBRARIES = YES;
				BUNDLE_LOADER = "$(TEST_HOST)";
				CODE_SIGN_STYLE = Automatic;
				CURRENT_PROJECT_VERSION = 1;
				DEAD_CODE_STRIPPING = YES;
				DEVELOPMENT_TEAM = MVKBMZMN48;
				GENERATE_INFOPLIST_FILE = YES;
				MACOSX_DEPLOYMENT_TARGET = 12.3;
				MARKETING_VERSION = 1.0;
				PRODUCT_BUNDLE_IDENTIFIER = "com.haoran.Swift-Zip-ManagerTests";
				PRODUCT_NAME = "$(TARGET_NAME)";
				SWIFT_EMIT_LOC_STRINGS = NO;
				SWIFT_VERSION = 5.0;
				TEST_HOST = "$(BUILT_PRODUCTS_DIR)/Swift Zip Manager.app/$(BUNDLE_EXECUTABLE_FOLDER_PATH)/Swift Zip Manager";
			};
			name = Debug;
		};
		AD12EEEB2F5AEC2500C0B791 /* Release */ = {
			isa = XCBuildConfiguration;
			buildSettings = {
				ALWAYS_EMBED_SWIFT_STANDARD_LIBRARIES = YES;
				BUNDLE_LOADER = "$(TEST_HOST)";
				CODE_SIGN_STYLE = Automatic;
				CURRENT_PROJECT_VERSION = 1;
				DEAD_CODE_STRIPPING = YES;
				DEVELOPMENT_TEAM = MVKBMZMN48;
				GENERATE_INFOPLIST_FILE = YES;
				MACOSX_DEPLOYMENT_TARGET = 12.3;
				MARKETING_VERSION = 1.0;
				PRODUCT_BUNDLE_IDENTIFIER = "com.haoran.Swift-Zip-ManagerTests";
				PRODUCT_NAME = "$(TARGET_NAME)";
				SWIFT_EMIT_LOC_STRINGS = NO;
				SWIFT_VERSION = 5.0;
				TEST_HOST = "$(BUILT_PRODUCTS_DIR)/Swift Zip Manager.app/$(BUNDLE_EXECUTABLE_FOLDER_PATH)/Swift Zip Manager";
			};
			name = Release;
		};
		AD12EEED2F5AEC2500C0B791 /* Debug */ = {
			isa = XCBuildConfiguration;
			buildSettings = {
				ALWAYS_EMBED_SWIFT_STANDARD_LIBRARIES = YES;
				CODE_SIGN_STYLE = Automatic;
				CURRENT_PROJECT_VERSION = 1;
				DEAD_CODE_STRIPPING = YES;
				DEVELOPMENT_TEAM = MVKBMZMN48;
				GENERATE_INFOPLIST_FILE = YES;
				MARKETING_VERSION = 1.0;
				PRODUCT_BUNDLE_IDENTIFIER = "com.haoran.Swift-Zip-ManagerUITests";
				PRODUCT_NAME = "$(TARGET_NAME)";
				SWIFT_EMIT_LOC_STRINGS = NO;
				SWIFT_VERSION = 5.0;
				TEST_TARGET_NAME = "Swift Zip Manager";
			};
			name = Debug;
		};
		AD12EEEE2F5AEC2500C0B791 /* Release */ = {
			isa = XCBuildConfiguration;
			buildSettings = {
				ALWAYS_EMBED_SWIFT_STANDARD_LIBRARIES = YES;
				CODE_SIGN_STYLE = Automatic;
				CURRENT_PROJECT_VERSION = 1;
				DEAD_CODE_STRIPPING = YES;
				DEVELOPMENT_TEAM = MVKBMZMN48;
				GENERATE_INFOPLIST_FILE = YES;
				MARKETING_VERSION = 1.0;
				PRODUCT_BUNDLE_IDENTIFIER = "com.haoran.Swift-Zip-ManagerUITests";
				PRODUCT_NAME = "$(TARGET_NAME)";
				SWIFT_EMIT_LOC_STRINGS = NO;
				SWIFT_VERSION = 5.0;
				TEST_TARGET_NAME = "Swift Zip Manager";
			};
			name = Release;
		};
/* End XCBuildConfiguration section */

/* Begin XCConfigurationList section */
		AD12EEBC2F5AEC2200C0B791 /* Build configuration list for PBXProject "Swift Zip Manager" */ = {
			isa = XCConfigurationList;
			buildConfigurations = (
				AD12EEE42F5AEC2500C0B791 /* Debug */,
				AD12EEE52F5AEC2500C0B791 /* Release */,
			);
			defaultConfigurationIsVisible = 0;
			defaultConfigurationName = Debug;
		};
		AD12EEE62F5AEC2500C0B791 /* Build configuration list for PBXNativeTarget "Swift Zip Manager" */ = {
			isa = XCConfigurationList;
			buildConfigurations = (
				AD12EEE72F5AEC2500C0B791 /* Debug */,
				AD12EEE82F5AEC2500C0B791 /* Release */,
			);
			defaultConfigurationIsVisible = 0;
			defaultConfigurationName = Debug;
		};
		AD12EEE92F5AEC2500C0B791 /* Build configuration list for PBXNativeTarget "Swift Zip ManagerTests" */ = {
			isa = XCConfigurationList;
			buildConfigurations = (
				AD12EEEA2F5AEC2500C0B791 /* Debug */,
				AD12EEEB2F5AEC2500C0B791 /* Release */,
			);
			defaultConfigurationIsVisible = 0;
			defaultConfigurationName = Debug;
		};
		AD12EEEC2F5AEC2500C0B791 /* Build configuration list for PBXNativeTarget "Swift Zip ManagerUITests" */ = {
			isa = XCConfigurationList;
			buildConfigurations = (
				AD12EEED2F5AEC2500C0B791 /* Debug */,
				AD12EEEE2F5AEC2500C0B791 /* Release */,
			);
			defaultConfigurationIsVisible = 0;
			defaultConfigurationName = Debug;
		};
/* End XCConfigurationList section */
	};
	rootObject = AD12EEB92F5AEC2200C0B791 /* Project object */;
}
